
Microsoft Visual Studio Solution File, Format Version 12.00
# Visual Studio Version 17
VisualStudioVersion = 17.2.33130.433
MinimumVisualStudioVersion = 10.0.40219.1
Project("{9A19103F-16F7-4668-BE54-9A1E7A4F7556}") = "BuilderPattern", "CreationalPatterns\BuilderPatterns\BuilderPattern\BuilderPattern.csproj", "{371F80E0-46C6-454A-ACFB-A950A2C2FB18}"
EndProject
Project("{2150E333-8FDC-42A3-9474-1A3956D46DE8}") = "CreationalPatterns", "CreationalPatterns", "{53973196-5FD0-4309-8EDB-16F3EA45C776}"
EndProject
Project("{2150E333-8FDC-42A3-9474-1A3956D46DE8}") = "BuilderPatterns", "BuilderPatterns", "{8C8E5527-FCFF-4B2B-B277-9125760F6CFF}"
EndProject
Project("{9A19103F-16F7-4668-BE54-9A1E7A4F7556}") = "FluentBuilderPattern", "CreationalPatterns\BuilderPatterns\FluentBuilderPattern\FluentBuilderPattern.csproj", "{96573883-42A4-4278-A6B0-44392D894757}"
EndProject
Project("{9A19103F-16F7-4668-BE54-9A1E7A4F7556}") = "SequentialFluentBuilder", "CreationalPatterns\BuilderPatterns\SequentialFluentBuilder\SequentialFluentBuilder.csproj", "{2D699A4D-CA8E-4BCB-BD8B-9108EB0828CE}"
EndProject
Project("{9A19103F-16F7-4668-BE54-9A1E7A4F7556}") = "FactoryMethodPattern", "CreationalPatterns\FactoryPatterns\FactoryMethodPattern\FactoryMethodPattern.csproj", "{6DFDB137-50EE-4B3C-8AF4-5D34894889EC}"
EndProject
Project("{2150E333-8FDC-42A3-9474-1A3956D46DE8}") = "FactoryPatterns", "FactoryPatterns", "{7D639522-C079-432D-BCC3-3F27D8E40CF6}"
EndProject
Project("{9A19103F-16F7-4668-BE54-9A1E7A4F7556}") = "AbstractFactoryPattern", "CreationalPatterns\FactoryPatterns\AbstractFactoryPattern\AbstractFactoryPattern.csproj", "{E7E6C476-6B7B-4FFC-AF38-2D674DC51D9B}"
EndProject
Project("{FAE04EC0-301F-11D3-BF4B-00C04F79EFBC}") = "ParameterizedFactoryMethod", "CreationalPatterns\FactoryPatterns\ParameterizedFactoryMethod\ParameterizedFactoryMethod.csproj", "{99F58B13-4245-4053-BC0F-0309B379449B}"
EndProject
Global
	GlobalSection(SolutionConfigurationPlatforms) = preSolution
		Debug|Any CPU = Debug|Any CPU
		Release|Any CPU = Release|Any CPU
	EndGlobalSection
	GlobalSection(ProjectConfigurationPlatforms) = postSolution
		{371F80E0-46C6-454A-ACFB-A950A2C2FB18}.Debug|Any CPU.ActiveCfg = Debug|Any CPU
		{371F80E0-46C6-454A-ACFB-A950A2C2FB18}.Debug|Any CPU.Build.0 = Debug|Any CPU
		{371F80E0-46C6-454A-ACFB-A950A2C2FB18}.Release|Any CPU.ActiveCfg = Release|Any CPU
		{371F80E0-46C6-454A-ACFB-A950A2C2FB18}.Release|Any CPU.Build.0 = Release|Any CPU
		{96573883-42A4-4278-A6B0-44392D894757}.Debug|Any CPU.ActiveCfg = Debug|Any CPU
		{96573883-42A4-4278-A6B0-44392D894757}.Debug|Any CPU.Build.0 = Debug|Any CPU
		{96573883-42A4-4278-A6B0-44392D894757}.Release|Any CPU.ActiveCfg = Release|Any CPU
		{96573883-42A4-4278-A6B0-44392D894757}.Release|Any CPU.Build.0 = Release|Any CPU
		{2D699A4D-CA8E-4BCB-BD8B-9108EB0828CE}.Debug|Any CPU.ActiveCfg = Debug|Any CPU
		{2D699A4D-CA8E-4BCB-BD8B-9108EB0828CE}.Debug|Any CPU.Build.0 = Debug|Any CPU
		{2D699A4D-CA8E-4BCB-BD8B-9108EB0828CE}.Release|Any CPU.ActiveCfg = Release|Any CPU
		{2D699A4D-CA8E-4BCB-BD8B-9108EB0828CE}.Release|Any CPU.Build.0 = Release|Any CPU
		{6DFDB137-50EE-4B3C-8AF4-5D34894889EC}.Debug|Any CPU.ActiveCfg = Debug|Any CPU
		{6DFDB137-50EE-4B3C-8AF4-5D34894889EC}.Debug|Any CPU.Build.0 = Debug|Any CPU
		{6DFDB137-50EE-4B3C-8AF4-5D34894889EC}.Release|Any CPU.ActiveCfg = Release|Any CPU
		{6DFDB137-50EE-4B3C-8AF4-5D34894889EC}.Release|Any CPU.Build.0 = Release|Any CPU
		{E7E6C476-6B7B-4FFC-AF38-2D674DC51D9B}.Debug|Any CPU.ActiveCfg = Debug|Any CPU
		{E7E6C476-6B7B-4FFC-AF38-2D674DC51D9B}.Debug|Any CPU.Build.0 = Debug|Any CPU
		{E7E6C476-6B7B-4FFC-AF38-2D674DC51D9B}.Release|Any CPU.ActiveCfg = Release|Any CPU
		{E7E6C476-6B7B-4FFC-AF38-2D674DC51D9B}.Release|Any CPU.Build.0 = Release|Any CPU
		{99F58B13-4245-4053-BC0F-0309B379449B}.Debug|Any CPU.ActiveCfg = Debug|Any CPU
		{99F58B13-4245-4053-BC0F-0309B379449B}.Debug|Any CPU.Build.0 = Debug|Any CPU
		{99F58B13-4245-4053-BC0F-0309B379449B}.Release|Any CPU.ActiveCfg = Release|Any CPU
		{99F58B13-4245-4053-BC0F-0309B379449B}.Release|Any CPU.Build.0 = Release|Any CPU
	EndGlobalSection
	GlobalSection(SolutionProperties) = preSolution
		HideSolutionNode = FALSE
	EndGlobalSection
	GlobalSection(NestedProjects) = preSolution
		{371F80E0-46C6-454A-ACFB-A950A2C2FB18} = {8C8E5527-FCFF-4B2B-B277-9125760F6CFF}
		{8C8E5527-FCFF-4B2B-B277-9125760F6CFF} = {53973196-5FD0-4309-8EDB-16F3EA45C776}
		{96573883-42A4-4278-A6B0-44392D894757} = {8C8E5527-FCFF-4B2B-B277-9125760F6CFF}
		{2D699A4D-CA8E-4BCB-BD8B-9108EB0828CE} = {8C8E5527-FCFF-4B2B-B277-9125760F6CFF}
		{6DFDB137-50EE-4B3C-8AF4-5D34894889EC} = {7D639522-C079-432D-BCC3-3F27D8E40CF6}
		{7D639522-C079-432D-BCC3-3F27D8E40CF6} = {53973196-5FD0-4309-8EDB-16F3EA45C776}
		{E7E6C476-6B7B-4FFC-AF38-2D674DC51D9B} = {7D639522-C079-432D-BCC3-3F27D8E40CF6}
		{99F58B13-4245-4053-BC0F-0309B379449B} = {7D639522-C079-432D-BCC3-3F27D8E40CF6}
	EndGlobalSection
	GlobalSection(ExtensibilityGlobals) = postSolution
		SolutionGuid = {89CAD6C2-0A20-4A9F-9CF7-2CE4D76545A6}
	EndGlobalSection
EndGlobal
