
Microsoft Visual Studio Solution File, Format Version 12.00
# Visual Studio Version 17
VisualStudioVersion = 17.2.33130.433
MinimumVisualStudioVersion = 10.0.40219.1
Project("{9A19103F-16F7-4668-BE54-9A1E7A4F7556}") = "BuilderPattern", "CreationalPatterns\BuilderPatterns\BuilderPattern\BuilderPattern.csproj", "{371F80E0-46C6-454A-ACFB-A950A2C2FB18}"
EndProject
Project("{2150E333-8FDC-42A3-9474-1A3956D46DE8}") = "CreationalPatterns", "CreationalPatterns", "{53973196-5FD0-4309-8EDB-16F3EA45C776}"
EndProject
Project("{2150E333-8FDC-42A3-9474-1A3956D46DE8}") = "BuilderPatterns", "BuilderPatterns", "{8C8E5527-FCFF-4B2B-B277-9125760F6CFF}"
EndProject
Project("{9A19103F-16F7-4668-BE54-9A1E7A4F7556}") = "FluentBuilderPattern", "CreationalPatterns\BuilderPatterns\FluentBuilderPattern\FluentBuilderPattern.csproj", "{96573883-42A4-4278-A6B0-44392D894757}"
EndProject
Project("{9A19103F-16F7-4668-BE54-9A1E7A4F7556}") = "SequentialFluentBuilder", "CreationalPatterns\BuilderPatterns\SequentialFluentBuilder\SequentialFluentBuilder.csproj", "{2D699A4D-CA8E-4BCB-BD8B-9108EB0828CE}"
EndProject
Project("{9A19103F-16F7-4668-BE54-9A1E7A4F7556}") = "FactoryMethodPattern", "CreationalPatterns\FactoryPatterns\FactoryMethodPattern\FactoryMethodPattern.csproj", "{6DFDB137-50EE-4B3C-8AF4-5D34894889EC}"
EndProject
Project("{2150E333-8FDC-42A3-9474-1A3956D46DE8}") = "FactoryPatterns", "FactoryPatterns", "{7D639522-C079-432D-BCC3-3F27D8E40CF6}"
EndProject
Project("{9A19103F-16F7-4668-BE54-9A1E7A4F7556}") = "AbstractFactoryPattern", "CreationalPatterns\FactoryPatterns\AbstractFactoryPattern\AbstractFactoryPattern.csproj", "{E7E6C476-6B7B-4FFC-AF38-2D674DC51D9B}"
EndProject
Project("{9A19103F-16F7-4668-BE54-9A1E7A4F7556}") = "ParameterizedFactoryMethod", "CreationalPatterns\FactoryPatterns\ParameterizedFactoryMethod\ParameterizedFactoryMethod.csproj", "{99F58B13-4245-4053-BC0F-0309B379449B}"
EndProject
Project("{9A19103F-16F7-4668-BE54-9A1E7A4F7556}") = "SingletonPattern", "CreationalPatterns\SingletonPattern\SingletonPattern.csproj", "{3D27FA96-6284-42BC-A708-738B24977DA4}"
EndProject
Project("{9A19103F-16F7-4668-BE54-9A1E7A4F7556}") = "PrototypePattern", "CreationalPatterns\PrototypePattern\PrototypePattern.csproj", "{57D00D82-34AA-421C-904A-C446CCFE4ECB}"
EndProject
Project("{2150E333-8FDC-42A3-9474-1A3956D46DE8}") = "StructuralPatterns", "StructuralPatterns", "{517FC83D-184A-4BA3-959F-0032AFC4B7DB}"
EndProject
Project("{9A19103F-16F7-4668-BE54-9A1E7A4F7556}") = "AdapterPattern", "StructuralPatterns\AdapterPattern\AdapterPattern.csproj", "{DE93E9EF-4CA9-4381-9F2D-EBADBF464DAE}"
EndProject
Project("{9A19103F-16F7-4668-BE54-9A1E7A4F7556}") = "BridgePattern", "StructuralPatterns\BridgePattern\BridgePattern.csproj", "{B7FB3B0B-BD8E-4CBA-B0D5-267E8074255E}"
EndProject
Project("{9A19103F-16F7-4668-BE54-9A1E7A4F7556}") = "DecoratorPattern", "StructuralPatterns\DecoratorPattern\DecoratorPattern.csproj", "{3CDB4E92-0BEC-4F6D-ABF6-4245F2FD4241}"
EndProject
Project("{9A19103F-16F7-4668-BE54-9A1E7A4F7556}") = "CompositePattern", "StructuralPatterns\CompositePattern\CompositePattern.csproj", "{D9DAB735-DFE1-46BC-8B43-5F842A1EE470}"
EndProject
Project("{9A19103F-16F7-4668-BE54-9A1E7A4F7556}") = "FacadePattern", "StructuralPatterns\FacadePattern\FacadePattern.csproj", "{E9B3F940-01B3-4598-AA9B-289D6B7136B9}"
EndProject
Project("{9A19103F-16F7-4668-BE54-9A1E7A4F7556}") = "ProxyPattern", "StructuralPatterns\ProxyPattern\ProxyPattern.csproj", "{DD96E7EF-7A9B-4245-B801-FF6EC5A2ECB1}"
EndProject
Project("{9A19103F-16F7-4668-BE54-9A1E7A4F7556}") = "FlyweightPattern", "StructuralPatterns\FlyweightPattern\FlyweightPattern.csproj", "{042B06BF-BE95-4F93-A771-77834DF5E644}"
EndProject
Project("{2150E333-8FDC-42A3-9474-1A3956D46DE8}") = "BehavioralPatterns", "BehavioralPatterns", "{1AF3AE9A-CFA7-4148-AB49-02B2B0F515F5}"
EndProject
Project("{9A19103F-16F7-4668-BE54-9A1E7A4F7556}") = "TemplateMethodPattern", "BehavioralPatterns\TemplateMethodPattern\TemplateMethodPattern.csproj", "{7A610620-7096-4F35-B053-4FC6774408A5}"
EndProject
Project("{9A19103F-16F7-4668-BE54-9A1E7A4F7556}") = "StrategyPattern", "BehavioralPatterns\StrategyPattern\StrategyPattern.csproj", "{EF7810F8-377A-474A-9DEE-443AAD77CE6B}"
EndProject
Project("{9A19103F-16F7-4668-BE54-9A1E7A4F7556}") = "CommandPattern", "BehavioralPatterns\CommandPattern\CommandPattern.csproj", "{142D03FF-5280-42B6-B069-BE0BD870097D}"
EndProject
Project("{9A19103F-16F7-4668-BE54-9A1E7A4F7556}") = "MementoPattern", "BehavioralPatterns\MementoPattern\MementoPattern.csproj", "{F4711917-880B-4AF9-AE32-910180D7E664}"
EndProject
Project("{FAE04EC0-301F-11D3-BF4B-00C04F79EFBC}") = "MediatorPattern", "BehavioralPatterns\MediatorPattern\MediatorPattern.csproj", "{1DB8936E-91C0-4ACB-AA65-55CBAB05F37F}"
EndProject
Global
	GlobalSection(SolutionConfigurationPlatforms) = preSolution
		Debug|Any CPU = Debug|Any CPU
		Release|Any CPU = Release|Any CPU
	EndGlobalSection
	GlobalSection(ProjectConfigurationPlatforms) = postSolution
		{371F80E0-46C6-454A-ACFB-A950A2C2FB18}.Debug|Any CPU.ActiveCfg = Debug|Any CPU
		{371F80E0-46C6-454A-ACFB-A950A2C2FB18}.Debug|Any CPU.Build.0 = Debug|Any CPU
		{371F80E0-46C6-454A-ACFB-A950A2C2FB18}.Release|Any CPU.ActiveCfg = Release|Any CPU
		{371F80E0-46C6-454A-ACFB-A950A2C2FB18}.Release|Any CPU.Build.0 = Release|Any CPU
		{96573883-42A4-4278-A6B0-44392D894757}.Debug|Any CPU.ActiveCfg = Debug|Any CPU
		{96573883-42A4-4278-A6B0-44392D894757}.Debug|Any CPU.Build.0 = Debug|Any CPU
		{96573883-42A4-4278-A6B0-44392D894757}.Release|Any CPU.ActiveCfg = Release|Any CPU
		{96573883-42A4-4278-A6B0-44392D894757}.Release|Any CPU.Build.0 = Release|Any CPU
		{2D699A4D-CA8E-4BCB-BD8B-9108EB0828CE}.Debug|Any CPU.ActiveCfg = Debug|Any CPU
		{2D699A4D-CA8E-4BCB-BD8B-9108EB0828CE}.Debug|Any CPU.Build.0 = Debug|Any CPU
		{2D699A4D-CA8E-4BCB-BD8B-9108EB0828CE}.Release|Any CPU.ActiveCfg = Release|Any CPU
		{2D699A4D-CA8E-4BCB-BD8B-9108EB0828CE}.Release|Any CPU.Build.0 = Release|Any CPU
		{6DFDB137-50EE-4B3C-8AF4-5D34894889EC}.Debug|Any CPU.ActiveCfg = Debug|Any CPU
		{6DFDB137-50EE-4B3C-8AF4-5D34894889EC}.Debug|Any CPU.Build.0 = Debug|Any CPU
		{6DFDB137-50EE-4B3C-8AF4-5D34894889EC}.Release|Any CPU.ActiveCfg = Release|Any CPU
		{6DFDB137-50EE-4B3C-8AF4-5D34894889EC}.Release|Any CPU.Build.0 = Release|Any CPU
		{E7E6C476-6B7B-4FFC-AF38-2D674DC51D9B}.Debug|Any CPU.ActiveCfg = Debug|Any CPU
		{E7E6C476-6B7B-4FFC-AF38-2D674DC51D9B}.Debug|Any CPU.Build.0 = Debug|Any CPU
		{E7E6C476-6B7B-4FFC-AF38-2D674DC51D9B}.Release|Any CPU.ActiveCfg = Release|Any CPU
		{E7E6C476-6B7B-4FFC-AF38-2D674DC51D9B}.Release|Any CPU.Build.0 = Release|Any CPU
		{99F58B13-4245-4053-BC0F-0309B379449B}.Debug|Any CPU.ActiveCfg = Debug|Any CPU
		{99F58B13-4245-4053-BC0F-0309B379449B}.Debug|Any CPU.Build.0 = Debug|Any CPU
		{99F58B13-4245-4053-BC0F-0309B379449B}.Release|Any CPU.ActiveCfg = Release|Any CPU
		{99F58B13-4245-4053-BC0F-0309B379449B}.Release|Any CPU.Build.0 = Release|Any CPU
		{3D27FA96-6284-42BC-A708-738B24977DA4}.Debug|Any CPU.ActiveCfg = Debug|Any CPU
		{3D27FA96-6284-42BC-A708-738B24977DA4}.Debug|Any CPU.Build.0 = Debug|Any CPU
		{3D27FA96-6284-42BC-A708-738B24977DA4}.Release|Any CPU.ActiveCfg = Release|Any CPU
		{3D27FA96-6284-42BC-A708-738B24977DA4}.Release|Any CPU.Build.0 = Release|Any CPU
		{57D00D82-34AA-421C-904A-C446CCFE4ECB}.Debug|Any CPU.ActiveCfg = Debug|Any CPU
		{57D00D82-34AA-421C-904A-C446CCFE4ECB}.Debug|Any CPU.Build.0 = Debug|Any CPU
		{57D00D82-34AA-421C-904A-C446CCFE4ECB}.Release|Any CPU.ActiveCfg = Release|Any CPU
		{57D00D82-34AA-421C-904A-C446CCFE4ECB}.Release|Any CPU.Build.0 = Release|Any CPU
		{DE93E9EF-4CA9-4381-9F2D-EBADBF464DAE}.Debug|Any CPU.ActiveCfg = Debug|Any CPU
		{DE93E9EF-4CA9-4381-9F2D-EBADBF464DAE}.Debug|Any CPU.Build.0 = Debug|Any CPU
		{DE93E9EF-4CA9-4381-9F2D-EBADBF464DAE}.Release|Any CPU.ActiveCfg = Release|Any CPU
		{DE93E9EF-4CA9-4381-9F2D-EBADBF464DAE}.Release|Any CPU.Build.0 = Release|Any CPU
		{B7FB3B0B-BD8E-4CBA-B0D5-267E8074255E}.Debug|Any CPU.ActiveCfg = Debug|Any CPU
		{B7FB3B0B-BD8E-4CBA-B0D5-267E8074255E}.Debug|Any CPU.Build.0 = Debug|Any CPU
		{B7FB3B0B-BD8E-4CBA-B0D5-267E8074255E}.Release|Any CPU.ActiveCfg = Release|Any CPU
		{B7FB3B0B-BD8E-4CBA-B0D5-267E8074255E}.Release|Any CPU.Build.0 = Release|Any CPU
		{3CDB4E92-0BEC-4F6D-ABF6-4245F2FD4241}.Debug|Any CPU.ActiveCfg = Debug|Any CPU
		{3CDB4E92-0BEC-4F6D-ABF6-4245F2FD4241}.Debug|Any CPU.Build.0 = Debug|Any CPU
		{3CDB4E92-0BEC-4F6D-ABF6-4245F2FD4241}.Release|Any CPU.ActiveCfg = Release|Any CPU
		{3CDB4E92-0BEC-4F6D-ABF6-4245F2FD4241}.Release|Any CPU.Build.0 = Release|Any CPU
		{D9DAB735-DFE1-46BC-8B43-5F842A1EE470}.Debug|Any CPU.ActiveCfg = Debug|Any CPU
		{D9DAB735-DFE1-46BC-8B43-5F842A1EE470}.Debug|Any CPU.Build.0 = Debug|Any CPU
		{D9DAB735-DFE1-46BC-8B43-5F842A1EE470}.Release|Any CPU.ActiveCfg = Release|Any CPU
		{D9DAB735-DFE1-46BC-8B43-5F842A1EE470}.Release|Any CPU.Build.0 = Release|Any CPU
		{E9B3F940-01B3-4598-AA9B-289D6B7136B9}.Debug|Any CPU.ActiveCfg = Debug|Any CPU
		{E9B3F940-01B3-4598-AA9B-289D6B7136B9}.Debug|Any CPU.Build.0 = Debug|Any CPU
		{E9B3F940-01B3-4598-AA9B-289D6B7136B9}.Release|Any CPU.ActiveCfg = Release|Any CPU
		{E9B3F940-01B3-4598-AA9B-289D6B7136B9}.Release|Any CPU.Build.0 = Release|Any CPU
		{DD96E7EF-7A9B-4245-B801-FF6EC5A2ECB1}.Debug|Any CPU.ActiveCfg = Debug|Any CPU
		{DD96E7EF-7A9B-4245-B801-FF6EC5A2ECB1}.Debug|Any CPU.Build.0 = Debug|Any CPU
		{DD96E7EF-7A9B-4245-B801-FF6EC5A2ECB1}.Release|Any CPU.ActiveCfg = Release|Any CPU
		{DD96E7EF-7A9B-4245-B801-FF6EC5A2ECB1}.Release|Any CPU.Build.0 = Release|Any CPU
		{042B06BF-BE95-4F93-A771-77834DF5E644}.Debug|Any CPU.ActiveCfg = Debug|Any CPU
		{042B06BF-BE95-4F93-A771-77834DF5E644}.Debug|Any CPU.Build.0 = Debug|Any CPU
		{042B06BF-BE95-4F93-A771-77834DF5E644}.Release|Any CPU.ActiveCfg = Release|Any CPU
		{042B06BF-BE95-4F93-A771-77834DF5E644}.Release|Any CPU.Build.0 = Release|Any CPU
		{7A610620-7096-4F35-B053-4FC6774408A5}.Debug|Any CPU.ActiveCfg = Debug|Any CPU
		{7A610620-7096-4F35-B053-4FC6774408A5}.Debug|Any CPU.Build.0 = Debug|Any CPU
		{7A610620-7096-4F35-B053-4FC6774408A5}.Release|Any CPU.ActiveCfg = Release|Any CPU
		{7A610620-7096-4F35-B053-4FC6774408A5}.Release|Any CPU.Build.0 = Release|Any CPU
		{EF7810F8-377A-474A-9DEE-443AAD77CE6B}.Debug|Any CPU.ActiveCfg = Debug|Any CPU
		{EF7810F8-377A-474A-9DEE-443AAD77CE6B}.Debug|Any CPU.Build.0 = Debug|Any CPU
		{EF7810F8-377A-474A-9DEE-443AAD77CE6B}.Release|Any CPU.ActiveCfg = Release|Any CPU
		{EF7810F8-377A-474A-9DEE-443AAD77CE6B}.Release|Any CPU.Build.0 = Release|Any CPU
		{142D03FF-5280-42B6-B069-BE0BD870097D}.Debug|Any CPU.ActiveCfg = Debug|Any CPU
		{142D03FF-5280-42B6-B069-BE0BD870097D}.Debug|Any CPU.Build.0 = Debug|Any CPU
		{142D03FF-5280-42B6-B069-BE0BD870097D}.Release|Any CPU.ActiveCfg = Release|Any CPU
		{142D03FF-5280-42B6-B069-BE0BD870097D}.Release|Any CPU.Build.0 = Release|Any CPU
		{F4711917-880B-4AF9-AE32-910180D7E664}.Debug|Any CPU.ActiveCfg = Debug|Any CPU
		{F4711917-880B-4AF9-AE32-910180D7E664}.Debug|Any CPU.Build.0 = Debug|Any CPU
		{F4711917-880B-4AF9-AE32-910180D7E664}.Release|Any CPU.ActiveCfg = Release|Any CPU
		{F4711917-880B-4AF9-AE32-910180D7E664}.Release|Any CPU.Build.0 = Release|Any CPU
		{1DB8936E-91C0-4ACB-AA65-55CBAB05F37F}.Debug|Any CPU.ActiveCfg = Debug|Any CPU
		{1DB8936E-91C0-4ACB-AA65-55CBAB05F37F}.Debug|Any CPU.Build.0 = Debug|Any CPU
		{1DB8936E-91C0-4ACB-AA65-55CBAB05F37F}.Release|Any CPU.ActiveCfg = Release|Any CPU
		{1DB8936E-91C0-4ACB-AA65-55CBAB05F37F}.Release|Any CPU.Build.0 = Release|Any CPU
	EndGlobalSection
	GlobalSection(SolutionProperties) = preSolution
		HideSolutionNode = FALSE
	EndGlobalSection
	GlobalSection(NestedProjects) = preSolution
		{371F80E0-46C6-454A-ACFB-A950A2C2FB18} = {8C8E5527-FCFF-4B2B-B277-9125760F6CFF}
		{8C8E5527-FCFF-4B2B-B277-9125760F6CFF} = {53973196-5FD0-4309-8EDB-16F3EA45C776}
		{96573883-42A4-4278-A6B0-44392D894757} = {8C8E5527-FCFF-4B2B-B277-9125760F6CFF}
		{2D699A4D-CA8E-4BCB-BD8B-9108EB0828CE} = {8C8E5527-FCFF-4B2B-B277-9125760F6CFF}
		{6DFDB137-50EE-4B3C-8AF4-5D34894889EC} = {7D639522-C079-432D-BCC3-3F27D8E40CF6}
		{7D639522-C079-432D-BCC3-3F27D8E40CF6} = {53973196-5FD0-4309-8EDB-16F3EA45C776}
		{E7E6C476-6B7B-4FFC-AF38-2D674DC51D9B} = {7D639522-C079-432D-BCC3-3F27D8E40CF6}
		{99F58B13-4245-4053-BC0F-0309B379449B} = {7D639522-C079-432D-BCC3-3F27D8E40CF6}
		{3D27FA96-6284-42BC-A708-738B24977DA4} = {53973196-5FD0-4309-8EDB-16F3EA45C776}
		{57D00D82-34AA-421C-904A-C446CCFE4ECB} = {53973196-5FD0-4309-8EDB-16F3EA45C776}
		{DE93E9EF-4CA9-4381-9F2D-EBADBF464DAE} = {517FC83D-184A-4BA3-959F-0032AFC4B7DB}
		{B7FB3B0B-BD8E-4CBA-B0D5-267E8074255E} = {517FC83D-184A-4BA3-959F-0032AFC4B7DB}
		{3CDB4E92-0BEC-4F6D-ABF6-4245F2FD4241} = {517FC83D-184A-4BA3-959F-0032AFC4B7DB}
		{D9DAB735-DFE1-46BC-8B43-5F842A1EE470} = {517FC83D-184A-4BA3-959F-0032AFC4B7DB}
		{E9B3F940-01B3-4598-AA9B-289D6B7136B9} = {517FC83D-184A-4BA3-959F-0032AFC4B7DB}
		{DD96E7EF-7A9B-4245-B801-FF6EC5A2ECB1} = {517FC83D-184A-4BA3-959F-0032AFC4B7DB}
		{042B06BF-BE95-4F93-A771-77834DF5E644} = {517FC83D-184A-4BA3-959F-0032AFC4B7DB}
		{7A610620-7096-4F35-B053-4FC6774408A5} = {1AF3AE9A-CFA7-4148-AB49-02B2B0F515F5}
		{EF7810F8-377A-474A-9DEE-443AAD77CE6B} = {1AF3AE9A-CFA7-4148-AB49-02B2B0F515F5}
		{142D03FF-5280-42B6-B069-BE0BD870097D} = {1AF3AE9A-CFA7-4148-AB49-02B2B0F515F5}
		{F4711917-880B-4AF9-AE32-910180D7E664} = {1AF3AE9A-CFA7-4148-AB49-02B2B0F515F5}
		{1DB8936E-91C0-4ACB-AA65-55CBAB05F37F} = {1AF3AE9A-CFA7-4148-AB49-02B2B0F515F5}
	EndGlobalSection
	GlobalSection(ExtensibilityGlobals) = postSolution
		SolutionGuid = {89CAD6C2-0A20-4A9F-9CF7-2CE4D76545A6}
	EndGlobalSection
EndGlobal
